// !$*UTF8*$!
{
	archiveVersion = 1;
	classes = {
	};
	objectVersion = 46;
	objects = {

/* Begin PBXBuildFile section */
		521576701A6C3CC400E21169 /* AppDelegate.swift in Sources */ = {isa = PBXBuildFile; fileRef = 5215766F1A6C3CC400E21169 /* AppDelegate.swift */; };
		521576731A6C3CC400E21169 /* SelfDiary_Kai.xcdatamodeld in Sources */ = {isa = PBXBuildFile; fileRef = 521576711A6C3CC400E21169 /* SelfDiary_Kai.xcdatamodeld */; };
		521576751A6C3CC400E21169 /* ViewController.swift in Sources */ = {isa = PBXBuildFile; fileRef = 521576741A6C3CC400E21169 /* ViewController.swift */; };
		521576781A6C3CC400E21169 /* Main.storyboard in Resources */ = {isa = PBXBuildFile; fileRef = 521576761A6C3CC400E21169 /* Main.storyboard */; };
		5215767A1A6C3CC400E21169 /* Images.xcassets in Resources */ = {isa = PBXBuildFile; fileRef = 521576791A6C3CC400E21169 /* Images.xcassets */; };
		5215767D1A6C3CC400E21169 /* LaunchScreen.xib in Resources */ = {isa = PBXBuildFile; fileRef = 5215767B1A6C3CC400E21169 /* LaunchScreen.xib */; };
		521576891A6C3CC400E21169 /* SelfDiary_KaiTests.swift in Sources */ = {isa = PBXBuildFile; fileRef = 521576881A6C3CC400E21169 /* SelfDiary_KaiTests.swift */; };
/* End PBXBuildFile section */

/* Begin PBXContainerItemProxy section */
		521576831A6C3CC400E21169 /* PBXContainerItemProxy */ = {
			isa = PBXContainerItemProxy;
			containerPortal = 521576621A6C3CC300E21169 /* Project object */;
			proxyType = 1;
			remoteGlobalIDString = 521576691A6C3CC300E21169;
			remoteInfo = SelfDiary_Kai;
		};
/* End PBXContainerItemProxy section */

/* Begin PBXFileReference section */
		5215766A1A6C3CC300E21169 /* SelfDiary_Kai.app */ = {isa = PBXFileReference; explicitFileType = wrapper.application; includeInIndex = 0; path = SelfDiary_Kai.app; sourceTree = BUILT_PRODUCTS_DIR; };
		5215766E1A6C3CC300E21169 /* Info.plist */ = {isa = PBXFileReference; lastKnownFileType = text.plist.xml; path = Info.plist; sourceTree = "<group>"; };
		5215766F1A6C3CC400E21169 /* AppDelegate.swift */ = {isa = PBXFileReference; lastKnownFileType = sourcecode.swift; path = AppDelegate.swift; sourceTree = "<group>"; };
		521576721A6C3CC400E21169 /* SelfDiary_Kai.xcdatamodel */ = {isa = PBXFileReference; lastKnownFileType = wrapper.xcdatamodel; path = SelfDiary_Kai.xcdatamodel; sourceTree = "<group>"; };
		521576741A6C3CC400E21169 /* ViewController.swift */ = {isa = PBXFileReference; lastKnownFileType = sourcecode.swift; path = ViewController.swift; sourceTree = "<group>"; };
		521576771A6C3CC400E21169 /* Base */ = {isa = PBXFileReference; lastKnownFileType = file.storyboard; name = Base; path = Base.lproj/Main.storyboard; sourceTree = "<group>"; };
		521576791A6C3CC400E21169 /* Images.xcassets */ = {isa = PBXFileReference; lastKnownFileType = folder.assetcatalog; path = Images.xcassets; sourceTree = "<group>"; };
		5215767C1A6C3CC400E21169 /* Base */ = {isa = PBXFileReference; lastKnownFileType = file.xib; name = Base; path = Base.lproj/LaunchScreen.xib; sourceTree = "<group>"; };
		521576821A6C3CC400E21169 /* SelfDiary_KaiTests.xctest */ = {isa = PBXFileReference; explicitFileType = wrapper.cfbundle; includeInIndex = 0; path = SelfDiary_KaiTests.xctest; sourceTree = BUILT_PRODUCTS_DIR; };
		521576871A6C3CC400E21169 /* Info.plist */ = {isa = PBXFileReference; lastKnownFileType = text.plist.xml; path = Info.plist; sourceTree = "<group>"; };
		521576881A6C3CC400E21169 /* SelfDiary_KaiTests.swift */ = {isa = PBXFileReference; lastKnownFileType = sourcecode.swift; path = SelfDiary_KaiTests.swift; sourceTree = "<group>"; };
/* End PBXFileReference section */

/* Begin PBXFrameworksBuildPhase section */
		521576671A6C3CC300E21169 /* Frameworks */ = {
			isa = PBXFrameworksBuildPhase;
			buildActionMask = 2147483647;
			files = (
			);
			runOnlyForDeploymentPostprocessing = 0;
		};
		5215767F1A6C3CC400E21169 /* Frameworks */ = {
			isa = PBXFrameworksBuildPhase;
			buildActionMask = 2147483647;
			files = (
			);
			runOnlyForDeploymentPostprocessing = 0;
		};
/* End PBXFrameworksBuildPhase section */

/* Begin PBXGroup section */
		521576611A6C3CC300E21169 = {
			isa = PBXGroup;
			children = (
				5215766C1A6C3CC300E21169 /* SelfDiary_Kai */,
				521576851A6C3CC400E21169 /* SelfDiary_KaiTests */,
				5215766B1A6C3CC300E21169 /* Products */,
			);
			sourceTree = "<group>";
		};
		5215766B1A6C3CC300E21169 /* Products */ = {
			isa = PBXGroup;
			children = (
				5215766A1A6C3CC300E21169 /* SelfDiary_Kai.app */,
				521576821A6C3CC400E21169 /* SelfDiary_KaiTests.xctest */,
			);
			name = Products;
			sourceTree = "<group>";
		};
		5215766C1A6C3CC300E21169 /* SelfDiary_Kai */ = {
			isa = PBXGroup;
			children = (
				5215766F1A6C3CC400E21169 /* AppDelegate.swift */,
				521576741A6C3CC400E21169 /* ViewController.swift */,
				521576761A6C3CC400E21169 /* Main.storyboard */,
				521576791A6C3CC400E21169 /* Images.xcassets */,
				5215767B1A6C3CC400E21169 /* LaunchScreen.xib */,
				521576711A6C3CC400E21169 /* SelfDiary_Kai.xcdatamodeld */,
				5215766D1A6C3CC300E21169 /* Supporting Files */,
			);
			path = SelfDiary_Kai;
			sourceTree = "<group>";
		};
		5215766D1A6C3CC300E21169 /* Supporting Files */ = {
			isa = PBXGroup;
			children = (
				5215766E1A6C3CC300E21169 /* Info.plist */,
			);
			name = "Supporting Files";
			sourceTree = "<group>";
		};
		521576851A6C3CC400E21169 /* SelfDiary_KaiTests */ = {
			isa = PBXGroup;
			children = (
				521576881A6C3CC400E21169 /* SelfDiary_KaiTests.swift */,
				521576861A6C3CC400E21169 /* Supporting Files */,
			);
			path = SelfDiary_KaiTests;
			sourceTree = "<group>";
		};
		521576861A6C3CC400E21169 /* Supporting Files */ = {
			isa = PBXGroup;
			children = (
				521576871A6C3CC400E21169 /* Info.plist */,
			);
			name = "Supporting Files";
			sourceTree = "<group>";
		};
/* End PBXGroup section */

/* Begin PBXNativeTarget section */
		521576691A6C3CC300E21169 /* SelfDiary_Kai */ = {
			isa = PBXNativeTarget;
			buildConfigurationList = 5215768C1A6C3CC400E21169 /* Build configuration list for PBXNativeTarget "SelfDiary_Kai" */;
			buildPhases = (
				521576661A6C3CC300E21169 /* Sources */,
				521576671A6C3CC300E21169 /* Frameworks */,
				521576681A6C3CC300E21169 /* Resources */,
			);
			buildRules = (
			);
			dependencies = (
			);
			name = SelfDiary_Kai;
			productName = SelfDiary_Kai;
			productReference = 5215766A1A6C3CC300E21169 /* SelfDiary_Kai.app */;
			productType = "com.apple.product-type.application";
		};
		521576811A6C3CC400E21169 /* SelfDiary_KaiTests */ = {
			isa = PBXNativeTarget;
			buildConfigurationList = 5215768F1A6C3CC400E21169 /* Build configuration list for PBXNativeTarget "SelfDiary_KaiTests" */;
			buildPhases = (
				5215767E1A6C3CC400E21169 /* Sources */,
				5215767F1A6C3CC400E21169 /* Frameworks */,
				521576801A6C3CC400E21169 /* Resources */,
			);
			buildRules = (
			);
			dependencies = (
				521576841A6C3CC400E21169 /* PBXTargetDependency */,
			);
			name = SelfDiary_KaiTests;
			productName = SelfDiary_KaiTests;
			productReference = 521576821A6C3CC400E21169 /* SelfDiary_KaiTests.xctest */;
			productType = "com.apple.product-type.bundle.unit-test";
		};
/* End PBXNativeTarget section */

/* Begin PBXProject section */
		521576621A6C3CC300E21169 /* Project object */ = {
			isa = PBXProject;
			attributes = {
				LastUpgradeCheck = 0610;
				ORGANIZATIONNAME = "Gawain Tsao";
				TargetAttributes = {
					521576691A6C3CC300E21169 = {
						CreatedOnToolsVersion = 6.1.1;
					};
					521576811A6C3CC400E21169 = {
						CreatedOnToolsVersion = 6.1.1;
						TestTargetID = 521576691A6C3CC300E21169;
					};
				};
			};
			buildConfigurationList = 521576651A6C3CC300E21169 /* Build configuration list for PBXProject "SelfDiary_Kai" */;
			compatibilityVersion = "Xcode 3.2";
			developmentRegion = English;
			hasScannedForEncodings = 0;
			knownRegions = (
				en,
				Base,
			);
			mainGroup = 521576611A6C3CC300E21169;
			productRefGroup = 5215766B1A6C3CC300E21169 /* Products */;
			projectDirPath = "";
			projectRoot = "";
			targets = (
				521576691A6C3CC300E21169 /* SelfDiary_Kai */,
				521576811A6C3CC400E21169 /* SelfDiary_KaiTests */,
			);
		};
/* End PBXProject section */

/* Begin PBXResourcesBuildPhase section */
		521576681A6C3CC300E21169 /* Resources */ = {
			isa = PBXResourcesBuildPhase;
			buildActionMask = 2147483647;
			files = (
				521576781A6C3CC400E21169 /* Main.storyboard in Resources */,
				5215767D1A6C3CC400E21169 /* LaunchScreen.xib in Resources */,
				5215767A1A6C3CC400E21169 /* Images.xcassets in Resources */,
			);
			runOnlyForDeploymentPostprocessing = 0;
		};
		521576801A6C3CC400E21169 /* Resources */ = {
			isa = PBXResourcesBuildPhase;
			buildActionMask = 2147483647;
			files = (
			);
			runOnlyForDeploymentPostprocessing = 0;
		};
/* End PBXResourcesBuildPhase section */

/* Begin PBXSourcesBuildPhase section */
		521576661A6C3CC300E21169 /* Sources */ = {
			isa = PBXSourcesBuildPhase;
			buildActionMask = 2147483647;
			files = (
				521576751A6C3CC400E21169 /* ViewController.swift in Sources */,
				521576701A6C3CC400E21169 /* AppDelegate.swift in Sources */,
				521576731A6C3CC400E21169 /* SelfDiary_Kai.xcdatamodeld in Sources */,
			);
			runOnlyForDeploymentPostprocessing = 0;
		};
		5215767E1A6C3CC400E21169 /* Sources */ = {
			isa = PBXSourcesBuildPhase;
			buildActionMask = 2147483647;
			files = (
				521576891A6C3CC400E21169 /* SelfDiary_KaiTests.swift in Sources */,
			);
			runOnlyForDeploymentPostprocessing = 0;
		};
/* End PBXSourcesBuildPhase section */

/* Begin PBXTargetDependency section */
		521576841A6C3CC400E21169 /* PBXTargetDependency */ = {
			isa = PBXTargetDependency;
			target = 521576691A6C3CC300E21169 /* SelfDiary_Kai */;
			targetProxy = 521576831A6C3CC400E21169 /* PBXContainerItemProxy */;
		};
/* End PBXTargetDependency section */

/* Begin PBXVariantGroup section */
		521576761A6C3CC400E21169 /* Main.storyboard */ = {
			isa = PBXVariantGroup;
			children = (
				521576771A6C3CC400E21169 /* Base */,
			);
			name = Main.storyboard;
			sourceTree = "<group>";
		};
		5215767B1A6C3CC400E21169 /* LaunchScreen.xib */ = {
			isa = PBXVariantGroup;
			children = (
				5215767C1A6C3CC400E21169 /* Base */,
			);
			name = LaunchScreen.xib;
			sourceTree = "<group>";
		};
/* End PBXVariantGroup section */

/* Begin XCBuildConfiguration section */
		5215768A1A6C3CC400E21169 /* Debug */ = {
			isa = XCBuildConfiguration;
			buildSettings = {
				ALWAYS_SEARCH_USER_PATHS = NO;
				CLANG_CXX_LANGUAGE_STANDARD = "gnu++0x";
				CLANG_CXX_LIBRARY = "libc++";
				CLANG_ENABLE_MODULES = YES;
				CLANG_ENABLE_OBJC_ARC = YES;
				CLANG_WARN_BOOL_CONVERSION = YES;
				CLANG_WARN_CONSTANT_CONVERSION = YES;
				CLANG_WARN_DIRECT_OBJC_ISA_USAGE = YES_ERROR;
				CLANG_WARN_EMPTY_BODY = YES;
				CLANG_WARN_ENUM_CONVERSION = YES;
				CLANG_WARN_INT_CONVERSION = YES;
				CLANG_WARN_OBJC_ROOT_CLASS = YES_ERROR;
				CLANG_WARN_UNREACHABLE_CODE = YES;
				CLANG_WARN__DUPLICATE_METHOD_MATCH = YES;
				"CODE_SIGN_IDENTITY[sdk=iphoneos*]" = "iPhone Developer";
				COPY_PHASE_STRIP = NO;
				ENABLE_STRICT_OBJC_MSGSEND = YES;
				GCC_C_LANGUAGE_STANDARD = gnu99;
				GCC_DYNAMIC_NO_PIC = NO;
				GCC_OPTIMIZATION_LEVEL = 0;
				GCC_PREPROCESSOR_DEFINITIONS = (
					"DEBUG=1",
					"$(inherited)",
				);
				GCC_SYMBOLS_PRIVATE_EXTERN = NO;
				GCC_WARN_64_TO_32_BIT_CONVERSION = YES;
				GCC_WARN_ABOUT_RETURN_TYPE = YES_ERROR;
				GCC_WARN_UNDECLARED_SELECTOR = YES;
				GCC_WARN_UNINITIALIZED_AUTOS = YES_AGGRESSIVE;
				GCC_WARN_UNUSED_FUNCTION = YES;
				GCC_WARN_UNUSED_VARIABLE = YES;
				IPHONEOS_DEPLOYMENT_TARGET = 8.1;
				MTL_ENABLE_DEBUG_INFO = YES;
				ONLY_ACTIVE_ARCH = YES;
				SDKROOT = iphoneos;
				SWIFT_OPTIMIZATION_LEVEL = "-Onone";
			};
			name = Debug;
		};
		5215768B1A6C3CC400E21169 /* Release */ = {
			isa = XCBuildConfiguration;
			buildSettings = {
				ALWAYS_SEARCH_USER_PATHS = NO;
				CLANG_CXX_LANGUAGE_STANDARD = "gnu++0x";
				CLANG_CXX_LIBRARY = "libc++";
				CLANG_ENABLE_MODULES = YES;
				CLANG_ENABLE_OBJC_ARC = YES;
				CLANG_WARN_BOOL_CONVERSION = YES;
				CLANG_WARN_CONSTANT_CONVERSION = YES;
				CLANG_WARN_DIRECT_OBJC_ISA_USAGE = YES_ERROR;
				CLANG_WARN_EMPTY_BODY = YES;
				CLANG_WARN_ENUM_CONVERSION = YES;
				CLANG_WARN_INT_CONVERSION = YES;
				CLANG_WARN_OBJC_ROOT_CLASS = YES_ERROR;
				CLANG_WARN_UNREACHABLE_CODE = YES;
				CLANG_WARN__DUPLICATE_METHOD_MATCH = YES;
				"CODE_SIGN_IDENTITY[sdk=iphoneos*]" = "iPhone Developer";
				COPY_PHASE_STRIP = YES;
				ENABLE_NS_ASSERTIONS = NO;
				ENABLE_STRICT_OBJC_MSGSEND = YES;
				GCC_C_LANGUAGE_STANDARD = gnu99;
				GCC_WARN_64_TO_32_BIT_CONVERSION = YES;
				GCC_WARN_ABOUT_RETURN_TYPE = YES_ERROR;
				GCC_WARN_UNDECLARED_SELECTOR = YES;
				GCC_WARN_UNINITIALIZED_AUTOS = YES_AGGRESSIVE;
				GCC_WARN_UNUSED_FUNCTION = YES;
				GCC_WARN_UNUSED_VARIABLE = YES;
				IPHONEOS_DEPLOYMENT_TARGET = 8.1;
				MTL_ENABLE_DEBUG_INFO = NO;
				SDKROOT = iphoneos;
				VALIDATE_PRODUCT = YES;
			};
			name = Release;
		};
		5215768D1A6C3CC400E21169 /* Debug */ = {
			isa = XCBuildConfiguration;
			buildSettings = {
				ASSETCATALOG_COMPILER_APPICON_NAME = AppIcon;
				INFOPLIST_FILE = SelfDiary_Kai/Info.plist;
				LD_RUNPATH_SEARCH_PATHS = "$(inherited) @executable_path/Frameworks";
				PRODUCT_NAME = "$(TARGET_NAME)";
			};
			name = Debug;
		};
		5215768E1A6C3CC400E21169 /* Release */ = {
			isa = XCBuildConfiguration;
			buildSettings = {
				ASSETCATALOG_COMPILER_APPICON_NAME = AppIcon;
				INFOPLIST_FILE = SelfDiary_Kai/Info.plist;
				LD_RUNPATH_SEARCH_PATHS = "$(inherited) @executable_path/Frameworks";
				PRODUCT_NAME = "$(TARGET_NAME)";
			};
			name = Release;
		};
		521576901A6C3CC400E21169 /* Debug */ = {
			isa = XCBuildConfiguration;
			buildSettings = {
				BUNDLE_LOADER = "$(TEST_HOST)";
				FRAMEWORK_SEARCH_PATHS = (
					"$(SDKROOT)/Developer/Library/Frameworks",
					"$(inherited)",
				);
				GCC_PREPROCESSOR_DEFINITIONS = (
					"DEBUG=1",
					"$(inherited)",
				);
				INFOPLIST_FILE = SelfDiary_KaiTests/Info.plist;
				LD_RUNPATH_SEARCH_PATHS = "$(inherited) @executable_path/Frameworks @loader_path/Frameworks";
				PRODUCT_NAME = "$(TARGET_NAME)";
				TEST_HOST = "$(BUILT_PRODUCTS_DIR)/SelfDiary_Kai.app/SelfDiary_Kai";
			};
			name = Debug;
		};
		521576911A6C3CC400E21169 /* Release */ = {
			isa = XCBuildConfiguration;
			buildSettings = {
				BUNDLE_LOADER = "$(TEST_HOST)";
				FRAMEWORK_SEARCH_PATHS = (
					"$(SDKROOT)/Developer/Library/Frameworks",
					"$(inherited)",
				);
				INFOPLIST_FILE = SelfDiary_KaiTests/Info.plist;
				LD_RUNPATH_SEARCH_PATHS = "$(inherited) @executable_path/Frameworks @loader_path/Frameworks";
				PRODUCT_NAME = "$(TARGET_NAME)";
				TEST_HOST = "$(BUILT_PRODUCTS_DIR)/SelfDiary_Kai.app/SelfDiary_Kai";
			};
			name = Release;
		};
/* End XCBuildConfiguration section */

/* Begin XCConfigurationList section */
		521576651A6C3CC300E21169 /* Build configuration list for PBXProject "SelfDiary_Kai" */ = {
			isa = XCConfigurationList;
			buildConfigurations = (
				5215768A1A6C3CC400E21169 /* Debug */,
				5215768B1A6C3CC400E21169 /* Release */,
			);
			defaultConfigurationIsVisible = 0;
			defaultConfigurationName = Release;
		};
		5215768C1A6C3CC400E21169 /* Build configuration list for PBXNativeTarget "SelfDiary_Kai" */ = {
			isa = XCConfigurationList;
			buildConfigurations = (
				5215768D1A6C3CC400E21169 /* Debug */,
				5215768E1A6C3CC400E21169 /* Release */,
			);
			defaultConfigurationIsVisible = 0;
		};
		5215768F1A6C3CC400E21169 /* Build configuration list for PBXNativeTarget "SelfDiary_KaiTests" */ = {
			isa = XCConfigurationList;
			buildConfigurations = (
				521576901A6C3CC400E21169 /* Debug */,
				521576911A6C3CC400E21169 /* Release */,
			);
			defaultConfigurationIsVisible = 0;
		};
/* End XCConfigurationList section */

/* Begin XCVersionGroup section */
		521576711A6C3CC400E21169 /* SelfDiary_Kai.xcdatamodeld */ = {
			isa = XCVersionGroup;
			children = (
				521576721A6C3CC400E21169 /* SelfDiary_Kai.xcdatamodel */,
			);
			currentVersion = 521576721A6C3CC400E21169 /* SelfDiary_Kai.xcdatamodel */;
			path = SelfDiary_Kai.xcdatamodeld;
			sourceTree = "<group>";
			versionGroupType = wrapper.xcdatamodel;
		};
/* End XCVersionGroup section */
	};
	rootObject = 521576621A6C3CC300E21169 /* Project object */;
}
